annotated-types==0.8.0
attrs==26.1.0
coverage==7.15.4
iniconfig==2.3.0
jsonschema==4.26.0
jsonschema-specifications==2025.9.1
numpy==2.5.1
packaging==26.3
pluggy==1.6.0
prometheus_client==0.25.0
pydantic==2.13.4
pydantic_core==2.46.4
Pygments==2.20.0
pytest==9.1.1
pytest-cov==7.1.0
referencing==0.37.0
rpds-py==2026.6.3
ruff==0.15.20
scipy==1.18.0
setuptools==83.0.0
typing-inspection==0.4.4
typing_extensions==4.16.0
